
Microsoft Visual Studio Solution File, Format Version 12.00
# Visual Studio Version 17
VisualStudioVersion = 17.8.34330.188
MinimumVisualStudioVersion = 10.0.40219.1
Project("{FAE04EC0-301F-11D3-BF4B-00C04F79EFBC}") = "WebApptask3", "WebApptask3\WebApptask3.csproj", "{58E737B6-2393-413B-9DC6-74D0A27FDCFC}"
EndProject
Global
	GlobalSection(SolutionConfigurationPlatforms) = preSolution
		Debug|Any CPU = Debug|Any CPU
		Release|Any CPU = Release|Any CPU
	EndGlobalSection
	GlobalSection(ProjectConfigurationPlatforms) = postSolution
		{58E737B6-2393-413B-9DC6-74D0A27FDCFC}.Debug|Any CPU.ActiveCfg = Debug|Any CPU
		{58E737B6-2393-413B-9DC6-74D0A27FDCFC}.Debug|Any CPU.Build.0 = Debug|Any CPU
		{58E737B6-2393-413B-9DC6-74D0A27FDCFC}.Release|Any CPU.ActiveCfg = Release|Any CPU
		{58E737B6-2393-413B-9DC6-74D0A27FDCFC}.Release|Any CPU.Build.0 = Release|Any CPU
	EndGlobalSection
	GlobalSection(SolutionProperties) = preSolution
		HideSolutionNode = FALSE
	EndGlobalSection
	GlobalSection(ExtensibilityGlobals) = postSolution
		SolutionGuid = {FA428E2C-5720-4870-98D7-99731F9BB26E}
	EndGlobalSection
EndGlobal
